
Microsoft Visual Studio Solution File, Format Version 12.00
# Visual Studio Version 16
VisualStudioVersion = 16.0.31727.386
MinimumVisualStudioVersion = 10.0.40219.1
Project("{FAE04EC0-301F-11D3-BF4B-00C04F79EFBC}") = "G4_1", "G4_1\G4_1.csproj", "{2689F8D6-D6A7-445E-BBD4-82B7943CF932}"
EndProject
Global
	GlobalSection(SolutionConfigurationPlatforms) = preSolution
		Debug|Any CPU = Debug|Any CPU
		Release|Any CPU = Release|Any CPU
	EndGlobalSection
	GlobalSection(ProjectConfigurationPlatforms) = postSolution
		{2689F8D6-D6A7-445E-BBD4-82B7943CF932}.Debug|Any CPU.ActiveCfg = Debug|Any CPU
		{2689F8D6-D6A7-445E-BBD4-82B7943CF932}.Debug|Any CPU.Build.0 = Debug|Any CPU
		{2689F8D6-D6A7-445E-BBD4-82B7943CF932}.Release|Any CPU.ActiveCfg = Release|Any CPU
		{2689F8D6-D6A7-445E-BBD4-82B7943CF932}.Release|Any CPU.Build.0 = Release|Any CPU
	EndGlobalSection
	GlobalSection(SolutionProperties) = preSolution
		HideSolutionNode = FALSE
	EndGlobalSection
	GlobalSection(ExtensibilityGlobals) = postSolution
		SolutionGuid = {D2802C31-B4B1-4BB4-9F8D-AA6F6D10E3A1}
	EndGlobalSection
EndGlobal
